{
	"name": "untyped",
	"version": "1.0.0",
	"lockfileVersion": 3,
	"requires": true,
	"packages": {
		"": {
			"name": "untyped",
			"version": "1.0.0"
		},
		"../modules/sai-hi": {
			"extraneous": true
		},
		"../modules/say-hi": {
			"version": "1.0.0",
			"extraneous": true
		}
	}
}
