{
	"name": "untyped",
	"version": "1.0.0",
	"lockfileVersion": 3,
	"requires": true,
	"packages": {
		"": {
			"name": "untyped",
			"version": "1.0.0",
			"dependencies": {
				"say-hi": "file:../modules/say-hi"
			}
		},
		"../modules/sai-hi": {
			"extraneous": true
		},
		"../modules/say-hi": {
			"version": "1.0.0"
		},
		"node_modules/say-hi": {
			"resolved": "../modules/say-hi",
			"link": true
		}
	}
}
